# This file is automatically @generated by Cargo.
# It is not intended for manual editing.
version = 4

[[package]]
name = "byteorder"
version = "1.5.0"
source = "registry+https://github.com/rust-lang/crates.io-index"
checksum = "1fd0f2584146f6f2ef48085050886acf353beff7305ebd1ae69500e27c67f64b"

[[package]]
name = "debpf"
version = "0.1.0"
dependencies = [
 "refpack",
]

[[package]]
name = "refpack"
version = "5.0.3"
source = "registry+https://github.com/rust-lang/crates.io-index"
checksum = "9bbcce3c499f90a0e1d0b8ff2c0c991d6f34fa2ef7bda5a7428e46fa683172a1"
dependencies = [
 "byteorder",
]
